
Microsoft Visual Studio Solution File, Format Version 12.00
# Visual Studio 14
VisualStudioVersion = 14.0.25420.1
MinimumVisualStudioVersion = 10.0.40219.1
Project("{FAE04EC0-301F-11D3-BF4B-00C04F79EFBC}") = "NV.LogWriter", "NV.LogWriter\NV.LogWriter.csproj", "{A8975ADC-D2CC-465F-8867-88410CA2A31C}"
EndProject
Project("{FAE04EC0-301F-11D3-BF4B-00C04F79EFBC}") = "Test", "Test\Test.csproj", "{BEDA6581-D05D-4231-8163-99F6F53DE136}"
EndProject
Project("{FAE04EC0-301F-11D3-BF4B-00C04F79EFBC}") = "FileParser", "..\..\NV.FileParser\FileParser\FileParser.csproj", "{ECE2E8C9-906F-4F00-AD43-110AC1CB841F}"
EndProject
Global
	GlobalSection(SolutionConfigurationPlatforms) = preSolution
		Debug|Any CPU = Debug|Any CPU
		Debug|ARM = Debug|ARM
		Debug|x64 = Debug|x64
		Debug|x86 = Debug|x86
		Release|Any CPU = Release|Any CPU
		Release|ARM = Release|ARM
		Release|x64 = Release|x64
		Release|x86 = Release|x86
	EndGlobalSection
	GlobalSection(ProjectConfigurationPlatforms) = postSolution
		{A8975ADC-D2CC-465F-8867-88410CA2A31C}.Debug|Any CPU.ActiveCfg = Debug|Any CPU
		{A8975ADC-D2CC-465F-8867-88410CA2A31C}.Debug|Any CPU.Build.0 = Debug|Any CPU
		{A8975ADC-D2CC-465F-8867-88410CA2A31C}.Debug|ARM.ActiveCfg = Debug|Any CPU
		{A8975ADC-D2CC-465F-8867-88410CA2A31C}.Debug|ARM.Build.0 = Debug|Any CPU
		{A8975ADC-D2CC-465F-8867-88410CA2A31C}.Debug|x64.ActiveCfg = Debug|Any CPU
		{A8975ADC-D2CC-465F-8867-88410CA2A31C}.Debug|x64.Build.0 = Debug|Any CPU
		{A8975ADC-D2CC-465F-8867-88410CA2A31C}.Debug|x86.ActiveCfg = Debug|Any CPU
		{A8975ADC-D2CC-465F-8867-88410CA2A31C}.Debug|x86.Build.0 = Debug|Any CPU
		{A8975ADC-D2CC-465F-8867-88410CA2A31C}.Release|Any CPU.ActiveCfg = Release|Any CPU
		{A8975ADC-D2CC-465F-8867-88410CA2A31C}.Release|Any CPU.Build.0 = Release|Any CPU
		{A8975ADC-D2CC-465F-8867-88410CA2A31C}.Release|ARM.ActiveCfg = Release|Any CPU
		{A8975ADC-D2CC-465F-8867-88410CA2A31C}.Release|ARM.Build.0 = Release|Any CPU
		{A8975ADC-D2CC-465F-8867-88410CA2A31C}.Release|x64.ActiveCfg = Release|Any CPU
		{A8975ADC-D2CC-465F-8867-88410CA2A31C}.Release|x64.Build.0 = Release|Any CPU
		{A8975ADC-D2CC-465F-8867-88410CA2A31C}.Release|x86.ActiveCfg = Release|Any CPU
		{A8975ADC-D2CC-465F-8867-88410CA2A31C}.Release|x86.Build.0 = Release|Any CPU
		{BEDA6581-D05D-4231-8163-99F6F53DE136}.Debug|Any CPU.ActiveCfg = Debug|Any CPU
		{BEDA6581-D05D-4231-8163-99F6F53DE136}.Debug|Any CPU.Build.0 = Debug|Any CPU
		{BEDA6581-D05D-4231-8163-99F6F53DE136}.Debug|ARM.ActiveCfg = Debug|Any CPU
		{BEDA6581-D05D-4231-8163-99F6F53DE136}.Debug|ARM.Build.0 = Debug|Any CPU
		{BEDA6581-D05D-4231-8163-99F6F53DE136}.Debug|x64.ActiveCfg = Debug|Any CPU
		{BEDA6581-D05D-4231-8163-99F6F53DE136}.Debug|x64.Build.0 = Debug|Any CPU
		{BEDA6581-D05D-4231-8163-99F6F53DE136}.Debug|x86.ActiveCfg = Debug|Any CPU
		{BEDA6581-D05D-4231-8163-99F6F53DE136}.Debug|x86.Build.0 = Debug|Any CPU
		{BEDA6581-D05D-4231-8163-99F6F53DE136}.Release|Any CPU.ActiveCfg = Release|Any CPU
		{BEDA6581-D05D-4231-8163-99F6F53DE136}.Release|Any CPU.Build.0 = Release|Any CPU
		{BEDA6581-D05D-4231-8163-99F6F53DE136}.Release|ARM.ActiveCfg = Release|Any CPU
		{BEDA6581-D05D-4231-8163-99F6F53DE136}.Release|ARM.Build.0 = Release|Any CPU
		{BEDA6581-D05D-4231-8163-99F6F53DE136}.Release|x64.ActiveCfg = Release|Any CPU
		{BEDA6581-D05D-4231-8163-99F6F53DE136}.Release|x64.Build.0 = Release|Any CPU
		{BEDA6581-D05D-4231-8163-99F6F53DE136}.Release|x86.ActiveCfg = Release|Any CPU
		{BEDA6581-D05D-4231-8163-99F6F53DE136}.Release|x86.Build.0 = Release|Any CPU
		{ECE2E8C9-906F-4F00-AD43-110AC1CB841F}.Debug|Any CPU.ActiveCfg = Debug|Any CPU
		{ECE2E8C9-906F-4F00-AD43-110AC1CB841F}.Debug|Any CPU.Build.0 = Debug|Any CPU
		{ECE2E8C9-906F-4F00-AD43-110AC1CB841F}.Debug|ARM.ActiveCfg = Debug|Any CPU
		{ECE2E8C9-906F-4F00-AD43-110AC1CB841F}.Debug|ARM.Build.0 = Debug|Any CPU
		{ECE2E8C9-906F-4F00-AD43-110AC1CB841F}.Debug|x64.ActiveCfg = Debug|Any CPU
		{ECE2E8C9-906F-4F00-AD43-110AC1CB841F}.Debug|x64.Build.0 = Debug|Any CPU
		{ECE2E8C9-906F-4F00-AD43-110AC1CB841F}.Debug|x86.ActiveCfg = Debug|Any CPU
		{ECE2E8C9-906F-4F00-AD43-110AC1CB841F}.Debug|x86.Build.0 = Debug|Any CPU
		{ECE2E8C9-906F-4F00-AD43-110AC1CB841F}.Release|Any CPU.ActiveCfg = Release|Any CPU
		{ECE2E8C9-906F-4F00-AD43-110AC1CB841F}.Release|Any CPU.Build.0 = Release|Any CPU
		{ECE2E8C9-906F-4F00-AD43-110AC1CB841F}.Release|ARM.ActiveCfg = Release|Any CPU
		{ECE2E8C9-906F-4F00-AD43-110AC1CB841F}.Release|ARM.Build.0 = Release|Any CPU
		{ECE2E8C9-906F-4F00-AD43-110AC1CB841F}.Release|x64.ActiveCfg = Release|Any CPU
		{ECE2E8C9-906F-4F00-AD43-110AC1CB841F}.Release|x64.Build.0 = Release|Any CPU
		{ECE2E8C9-906F-4F00-AD43-110AC1CB841F}.Release|x86.ActiveCfg = Release|Any CPU
		{ECE2E8C9-906F-4F00-AD43-110AC1CB841F}.Release|x86.Build.0 = Release|Any CPU
	EndGlobalSection
	GlobalSection(SolutionProperties) = preSolution
		HideSolutionNode = FALSE
	EndGlobalSection
EndGlobal
